github.com/c9s/goprocinfo v0.0.0-20190309065803-0b2ad9ac246b h1:4yfM1Zm+7U+m0inJ0g6JvdqGePXD8eG4nXUTbcLT6gk=
github.com/c9s/goprocinfo v0.0.0-20190309065803-0b2ad9ac246b/go.mod h1:uEyr4WpAH4hio6LFriaPkL938XnrvLpNPmQHBdrmbIE=
github.com/colinc86/gdsp v0.0.0-20190616023759-406cd5fc32ae h1:4Ik+M9EDnInzQn8mCjVBfxUNzj1ROayNSlnzd4QJF8I=
github.com/colinc86/gdsp v0.0.0-20190616023759-406cd5fc32ae/go.mod h1:P9R3X/9riDzYmkeqVM01595eOjPiTzvsTESjWb6cpgk=
